{
  "version": 4,
  "terraform_version": "1.7.0",
  "serial": 5,
  "lineage": "032a2a3a-cbaf-ce95-a178-8267618842dd",
  "outputs": {},
  "resources": [
    {
      "mode": "managed",
      "type": "local_file",
      "name": "pet",
      "provider": "provider[\"registry.terraform.io/hashicorp/local\"]",
      "instances": [
        {
          "schema_version": 0,
          "attributes": {
            "content": "We Love Pets",
            "content_base64": null,
            "content_base64sha256": "+oFZ8z5xO1zH5QB2nBERwGCXQHaMrkMrpGXhL3jR7/c=",
            "content_base64sha512": "sQ2WfbJLm4MWx0MUchK6Ttg40Pnueg5Wam9HV4yBTI39xC0vLTXPlPYdZ8fWRvqgla8UUTuxsi9Sl/h8FcUPRg==",
            "content_md5": "41889bbc13085496d01228a791c87262",
            "content_sha1": "d2d80af91b8efc3a2d2b5a5c8d80196eee923f58",
            "content_sha256": "fa8159f33e713b5cc7e500769c1111c0609740768cae432ba465e12f78d1eff7",
            "content_sha512": "b10d967db24b9b8316c743147212ba4ed838d0f9ee7a0e566a6f47578c814c8dfdc42d2f2d35cf94f61d67c7d646faa095af14513bb1b22f5297f87c15c50f46",
            "directory_permission": "0777",
            "file_permission": "0777",
            "filename": "/home/zafffar/Terraform/created/pets.txt",
            "id": "d2d80af91b8efc3a2d2b5a5c8d80196eee923f58",
            "sensitive_content": null,
            "source": null
          },
          "sensitive_attributes": []
        }
      ]
    }
  ],
  "check_results": null
}
